<?xml version="1.0" encoding="utf-8"?>
<Project ToolsVersion="15.0" xmlns="http://schemas.microsoft.com/developer/msbuild/2003">
  <ItemGroup>
    <CustomBuild Include="C:\Development\op3d_active\protobuf-c-1.3.1\msvc\CMakeFiles\1a35b916e93ace2b428de362208221f2\PACKAGE_force.rule">
      <Filter>CMake Rules</Filter>
    </CustomBuild>
  </ItemGroup>
  <ItemGroup>
    <Filter Include="CMake Rules">
      <UniqueIdentifier>{7811181D-2CDA-36A5-AB7D-80635598E9B8}</UniqueIdentifier>
    </Filter>
  </ItemGroup>
</Project>
