<?xml version="1.0" encoding="utf-8"?>
<Project ToolsVersion="15.0" xmlns="http://schemas.microsoft.com/developer/msbuild/2003">
  <ItemGroup>
    <ClCompile Include="..\protoc-c\c_bytes_field.cc">
      <Filter>Source Files</Filter>
    </ClCompile>
    <ClCompile Include="..\protoc-c\c_enum.cc">
      <Filter>Source Files</Filter>
    </ClCompile>
    <ClCompile Include="..\protoc-c\c_enum_field.cc">
      <Filter>Source Files</Filter>
    </ClCompile>
    <ClCompile Include="..\protoc-c\c_extension.cc">
      <Filter>Source Files</Filter>
    </ClCompile>
    <ClCompile Include="..\protoc-c\c_field.cc">
      <Filter>Source Files</Filter>
    </ClCompile>
    <ClCompile Include="..\protoc-c\c_file.cc">
      <Filter>Source Files</Filter>
    </ClCompile>
    <ClCompile Include="..\protoc-c\c_generator.cc">
      <Filter>Source Files</Filter>
    </ClCompile>
    <ClCompile Include="..\protoc-c\c_helpers.cc">
      <Filter>Source Files</Filter>
    </ClCompile>
    <ClCompile Include="..\protoc-c\c_message.cc">
      <Filter>Source Files</Filter>
    </ClCompile>
    <ClCompile Include="..\protoc-c\c_message_field.cc">
      <Filter>Source Files</Filter>
    </ClCompile>
    <ClCompile Include="..\protoc-c\c_primitive_field.cc">
      <Filter>Source Files</Filter>
    </ClCompile>
    <ClCompile Include="..\protoc-c\c_service.cc">
      <Filter>Source Files</Filter>
    </ClCompile>
    <ClCompile Include="..\protoc-c\c_string_field.cc">
      <Filter>Source Files</Filter>
    </ClCompile>
    <ClCompile Include="..\protoc-c\main.cc">
      <Filter>Source Files</Filter>
    </ClCompile>
  </ItemGroup>
  <ItemGroup>
    <ClInclude Include="..\protoc-c\c_bytes_field.h">
      <Filter>Header Files</Filter>
    </ClInclude>
    <ClInclude Include="..\protoc-c\c_enum.h">
      <Filter>Header Files</Filter>
    </ClInclude>
    <ClInclude Include="..\protoc-c\c_enum_field.h">
      <Filter>Header Files</Filter>
    </ClInclude>
    <ClInclude Include="..\protoc-c\c_extension.h">
      <Filter>Header Files</Filter>
    </ClInclude>
    <ClInclude Include="..\protoc-c\c_field.h">
      <Filter>Header Files</Filter>
    </ClInclude>
    <ClInclude Include="..\protoc-c\c_file.h">
      <Filter>Header Files</Filter>
    </ClInclude>
    <ClInclude Include="..\protoc-c\c_generator.h">
      <Filter>Header Files</Filter>
    </ClInclude>
    <ClInclude Include="..\protoc-c\c_helpers.h">
      <Filter>Header Files</Filter>
    </ClInclude>
    <ClInclude Include="..\protoc-c\c_message.h">
      <Filter>Header Files</Filter>
    </ClInclude>
    <ClInclude Include="..\protoc-c\c_message_field.h">
      <Filter>Header Files</Filter>
    </ClInclude>
    <ClInclude Include="..\protoc-c\c_primitive_field.h">
      <Filter>Header Files</Filter>
    </ClInclude>
    <ClInclude Include="..\protoc-c\c_service.h">
      <Filter>Header Files</Filter>
    </ClInclude>
    <ClInclude Include="..\protoc-c\c_string_field.h">
      <Filter>Header Files</Filter>
    </ClInclude>
  </ItemGroup>
  <ItemGroup>
    <Filter Include="Header Files">
      <UniqueIdentifier>{5806DA3C-A60C-38A0-885B-2C56BF05E0EB}</UniqueIdentifier>
    </Filter>
    <Filter Include="Source Files">
      <UniqueIdentifier>{3BCF190F-CD80-3CFC-9C76-81FC9872F148}</UniqueIdentifier>
    </Filter>
  </ItemGroup>
</Project>